
Microsoft Visual Studio Solution File, Format Version 12.00
Project("{FAE04EC0-301F-11D3-BF4B-00C04F79EFBC}") = "APBD_KOLOS2", "APBD_KOLOS2\APBD_KOLOS2.csproj", "{B0773CF0-B3F0-4A96-9596-0F5EE2E0120D}"
EndProject
Global
	GlobalSection(SolutionConfigurationPlatforms) = preSolution
		Debug|Any CPU = Debug|Any CPU
		Release|Any CPU = Release|Any CPU
	EndGlobalSection
	GlobalSection(ProjectConfigurationPlatforms) = postSolution
		{B0773CF0-B3F0-4A96-9596-0F5EE2E0120D}.Debug|Any CPU.ActiveCfg = Debug|Any CPU
		{B0773CF0-B3F0-4A96-9596-0F5EE2E0120D}.Debug|Any CPU.Build.0 = Debug|Any CPU
		{B0773CF0-B3F0-4A96-9596-0F5EE2E0120D}.Release|Any CPU.ActiveCfg = Release|Any CPU
		{B0773CF0-B3F0-4A96-9596-0F5EE2E0120D}.Release|Any CPU.Build.0 = Release|Any CPU
	EndGlobalSection
EndGlobal
